
Microsoft Visual Studio Solution File, Format Version 12.00
# Visual Studio 2013
VisualStudioVersion = 12.0.30723.0
MinimumVisualStudioVersion = 10.0.40219.1
Project("{FAE04EC0-301F-11D3-BF4B-00C04F79EFBC}") = "SMoni.ParsableTypes", "ParsableTypes\SMoni.ParsableTypes.csproj", "{9FB95158-5058-473F-815E-46FB3F471F6C}"
EndProject
Project("{FAE04EC0-301F-11D3-BF4B-00C04F79EFBC}") = "SMoni.ParsableTypes.Test", "Test\SMoni.ParsableTypes.Test.csproj", "{26AF2ED9-7E4A-42ED-9175-62948A6CF103}"
EndProject
Global
	GlobalSection(SubversionScc) = preSolution
		Svn-Managed = True
		Manager = AnkhSVN - Subversion Support for Visual Studio
	EndGlobalSection
	GlobalSection(SolutionConfigurationPlatforms) = preSolution
		Debug|Any CPU = Debug|Any CPU
		Release|Any CPU = Release|Any CPU
	EndGlobalSection
	GlobalSection(ProjectConfigurationPlatforms) = postSolution
		{9FB95158-5058-473F-815E-46FB3F471F6C}.Debug|Any CPU.ActiveCfg = Debug|Any CPU
		{9FB95158-5058-473F-815E-46FB3F471F6C}.Debug|Any CPU.Build.0 = Debug|Any CPU
		{9FB95158-5058-473F-815E-46FB3F471F6C}.Release|Any CPU.ActiveCfg = Release|Any CPU
		{9FB95158-5058-473F-815E-46FB3F471F6C}.Release|Any CPU.Build.0 = Release|Any CPU
		{26AF2ED9-7E4A-42ED-9175-62948A6CF103}.Debug|Any CPU.ActiveCfg = Debug|Any CPU
		{26AF2ED9-7E4A-42ED-9175-62948A6CF103}.Debug|Any CPU.Build.0 = Debug|Any CPU
		{26AF2ED9-7E4A-42ED-9175-62948A6CF103}.Release|Any CPU.ActiveCfg = Release|Any CPU
		{26AF2ED9-7E4A-42ED-9175-62948A6CF103}.Release|Any CPU.Build.0 = Release|Any CPU
	EndGlobalSection
	GlobalSection(SolutionProperties) = preSolution
		HideSolutionNode = FALSE
	EndGlobalSection
EndGlobal
